
Microsoft Visual Studio Solution File, Format Version 12.00
# Visual Studio Version 16
VisualStudioVersion = 16.0.29613.14
MinimumVisualStudioVersion = 10.0.40219.1
Project("{FAE04EC0-301F-11D3-BF4B-00C04F79EFBC}") = "AppUsingStoreProcedure", "AppUsingStoreProcedure\AppUsingStoreProcedure.csproj", "{D03727EB-B100-45F4-A58D-9077DEC4BB21}"
EndProject
Global
	GlobalSection(SolutionConfigurationPlatforms) = preSolution
		Debug|Any CPU = Debug|Any CPU
		Release|Any CPU = Release|Any CPU
	EndGlobalSection
	GlobalSection(ProjectConfigurationPlatforms) = postSolution
		{D03727EB-B100-45F4-A58D-9077DEC4BB21}.Debug|Any CPU.ActiveCfg = Debug|Any CPU
		{D03727EB-B100-45F4-A58D-9077DEC4BB21}.Debug|Any CPU.Build.0 = Debug|Any CPU
		{D03727EB-B100-45F4-A58D-9077DEC4BB21}.Release|Any CPU.ActiveCfg = Release|Any CPU
		{D03727EB-B100-45F4-A58D-9077DEC4BB21}.Release|Any CPU.Build.0 = Release|Any CPU
	EndGlobalSection
	GlobalSection(SolutionProperties) = preSolution
		HideSolutionNode = FALSE
	EndGlobalSection
	GlobalSection(ExtensibilityGlobals) = postSolution
		SolutionGuid = {6021752F-5A0F-4293-9129-A9AA28FD1546}
	EndGlobalSection
EndGlobal
